{
  "lockfile_version": "1",
  "packages": {
    "bashInteractive@latest": {
      "last_modified": "2025-02-18T07:26:52Z",
      "resolved": "github:NixOS/nixpkgs/632f04521e847173c54fa72973ec6c39a371211c#bashInteractive",
      "source": "devbox-search",
      "version": "5.2p37",
      "systems": {
        "aarch64-darwin": {
          "outputs": [
            {
              "name": "out",
              "path": "/nix/store/7ppd0j3scxlgz9v106iqr4i05vs6dv8f-bash-interactive-5.2p37",
              "default": true
            },
            {
              "name": "man",
              "path": "/nix/store/nzc4d74xz6bp89xszgjhdlq4ajbbd10h-bash-interactive-5.2p37-man",
              "default": true
            },
            {
              "name": "doc",
              "path": "/nix/store/v0jlsh1n4lpjgxkxxyjqnjps6n2x6vj5-bash-interactive-5.2p37-doc"
            },
            {
              "name": "info",
              "path": "/nix/store/87j2izkwdn6i1cf9y375yjgnvxz9lrg8-bash-interactive-5.2p37-info"
            },
            {
              "name": "dev",
              "path": "/nix/store/kx703ixl474lkcqqhvxg26yg0x85f3b1-bash-interactive-5.2p37-dev"
            }
          ],
          "store_path": "/nix/store/7ppd0j3scxlgz9v106iqr4i05vs6dv8f-bash-interactive-5.2p37"
        },
        "aarch64-linux": {
          "outputs": [
            {
              "name": "out",
              "path": "/nix/store/vvqi8n8awklfv97y6k4jxsg0w8h1970v-bash-interactive-5.2p37",
              "default": true
            },
            {
              "name": "man",
              "path": "/nix/store/5ddbmjnr0mq32dj6h8aq3rcbyimdl6ia-bash-interactive-5.2p37-man",
              "default": true
            },
            {
              "name": "debug",
              "path": "/nix/store/84nn6g0xy17zlk878bis7i68hbiarhfg-bash-interactive-5.2p37-debug"
            },
            {
              "name": "dev",
              "path": "/nix/store/ljmn5pga4ymyjqbv85dwnsl5df052jzr-bash-interactive-5.2p37-dev"
            },
            {
              "name": "doc",
              "path": "/nix/store/x01w1mllkj0sa9iify8jpic62prw6lig-bash-interactive-5.2p37-doc"
            },
            {
              "name": "info",
              "path": "/nix/store/09fx54503xdgdnf94av8j64xssh5bw8a-bash-interactive-5.2p37-info"
            }
          ],
          "store_path": "/nix/store/vvqi8n8awklfv97y6k4jxsg0w8h1970v-bash-interactive-5.2p37"
        },
        "x86_64-darwin": {
          "outputs": [
            {
              "name": "out",
              "path": "/nix/store/s9wvs6kf32zhj7qva5sw4dy3zkzswxr4-bash-interactive-5.2p37",
              "default": true
            },
            {
              "name": "man",
              "path": "/nix/store/4ji6s1891jchnb8vnagildjxkr2mla6k-bash-interactive-5.2p37-man",
              "default": true
            },
            {
              "name": "dev",
              "path": "/nix/store/spdv87vmb47v0hq56jzz58db61sbbp1s-bash-interactive-5.2p37-dev"
            },
            {
              "name": "doc",
              "path": "/nix/store/fvvlrpn5d74aph62jszkby62ynn3ys15-bash-interactive-5.2p37-doc"
            },
            {
              "name": "info",
              "path": "/nix/store/f3v1r7jxmznfvidcbr4fgkxsp51qkn1k-bash-interactive-5.2p37-info"
            }
          ],
          "store_path": "/nix/store/s9wvs6kf32zhj7qva5sw4dy3zkzswxr4-bash-interactive-5.2p37"
        },
        "x86_64-linux": {
          "outputs": [
            {
              "name": "out",
              "path": "/nix/store/6vpzxqaqvwiyqywssfavs1s51b4cgsin-bash-interactive-5.2p37",
              "default": true
            },
            {
              "name": "man",
              "path": "/nix/store/q6rlnvrv67j8p7gqhyy25b4chhgql5p7-bash-interactive-5.2p37-man",
              "default": true
            },
            {
              "name": "doc",
              "path": "/nix/store/blywgvpya7499zza1a3q3d50l9lnkvj8-bash-interactive-5.2p37-doc"
            },
            {
              "name": "info",
              "path": "/nix/store/f3kcpir9lkb6n3ybdyz1f9fqi32d05mw-bash-interactive-5.2p37-info"
            },
            {
              "name": "debug",
              "path": "/nix/store/wl0idy04ap0cq9m7zica1v30qzrh8d6f-bash-interactive-5.2p37-debug"
            },
            {
              "name": "dev",
              "path": "/nix/store/4bk1q0hsar2p83950m4miv4ddhfalxh4-bash-interactive-5.2p37-dev"
            }
          ],
          "store_path": "/nix/store/6vpzxqaqvwiyqywssfavs1s51b4cgsin-bash-interactive-5.2p37"
        }
      }
    },
    "coreutils@latest": {
      "last_modified": "2025-07-13T22:45:35Z",
      "resolved": "github:NixOS/nixpkgs/a421ac6595024edcfbb1ef950a3712b89161c359#coreutils",
      "source": "devbox-search",
      "version": "9.7",
      "systems": {
        "aarch64-darwin": {
          "outputs": [
            {
              "name": "out",
              "path": "/nix/store/avh1maz05kap7i4cqxwjmh04k9kkfx46-coreutils-9.7",
              "default": true
            },
            {
              "name": "info",
              "path": "/nix/store/fl61rhxfm6nkpqwnfwi8n5m2mlizwzw8-coreutils-9.7-info"
            }
          ],
          "store_path": "/nix/store/avh1maz05kap7i4cqxwjmh04k9kkfx46-coreutils-9.7"
        },
        "aarch64-linux": {
          "outputs": [
            {
              "name": "out",
              "path": "/nix/store/yh10czs8i3ppbhz780ix1m2xw98g74j9-coreutils-9.7",
              "default": true
            },
            {
              "name": "debug",
              "path": "/nix/store/kj4xwwd8dskqckn611bz3k8fpd77wj8f-coreutils-9.7-debug"
            },
            {
              "name": "info",
              "path": "/nix/store/k2ghmmn3ci9jy0glzgmfaw179d7gplk0-coreutils-9.7-info"
            }
          ],
          "store_path": "/nix/store/yh10czs8i3ppbhz780ix1m2xw98g74j9-coreutils-9.7"
        },
        "x86_64-darwin": {
          "outputs": [
            {
              "name": "out",
              "path": "/nix/store/xyg9iar3jl034lp61sv7vscvmfv0ifp8-coreutils-9.7",
              "default": true
            },
            {
              "name": "info",
              "path": "/nix/store/19ki8bg4bwm0p0dyngzsa8q0y1d05bpz-coreutils-9.7-info"
            }
          ],
          "store_path": "/nix/store/xyg9iar3jl034lp61sv7vscvmfv0ifp8-coreutils-9.7"
        },
        "x86_64-linux": {
          "outputs": [
            {
              "name": "out",
              "path": "/nix/store/0qrgvvnnvw55xnk7bn8pbz2rqy6m8x15-coreutils-9.7",
              "default": true
            },
            {
              "name": "debug",
              "path": "/nix/store/9vciakx2jjg9ddgznvy0qzp6wpx8rnql-coreutils-9.7-debug"
            },
            {
              "name": "info",
              "path": "/nix/store/v3fn63r3bw93chibfbxb4igcfczf1qry-coreutils-9.7-info"
            }
          ],
          "store_path": "/nix/store/0qrgvvnnvw55xnk7bn8pbz2rqy6m8x15-coreutils-9.7"
        }
      }
    },
    "docker-client@latest": {
      "last_modified": "2025-07-15T16:15:05Z",
      "resolved": "github:NixOS/nixpkgs/dab3a6e781554f965bde3def0aa2fda4eb8f1708#docker-client",
      "source": "devbox-search",
      "version": "28.3.2",
      "systems": {
        "aarch64-darwin": {
          "outputs": [
            {
              "name": "out",
              "path": "/nix/store/hwnwd8mdzpk1gahv35lni2m667zqr1rg-docker-28.3.2",
              "default": true
            }
          ],
          "store_path": "/nix/store/hwnwd8mdzpk1gahv35lni2m667zqr1rg-docker-28.3.2"
        },
        "aarch64-linux": {
          "outputs": [
            {
              "name": "out",
              "path": "/nix/store/y85paglfmqlph510snq72qxam3nlaj1s-docker-28.3.2",
              "default": true
            }
          ],
          "store_path": "/nix/store/y85paglfmqlph510snq72qxam3nlaj1s-docker-28.3.2"
        },
        "x86_64-darwin": {
          "outputs": [
            {
              "name": "out",
              "path": "/nix/store/xxdljnqxc58z32mmaahrh7l8qnkpa3sv-docker-28.3.2",
              "default": true
            }
          ],
          "store_path": "/nix/store/xxdljnqxc58z32mmaahrh7l8qnkpa3sv-docker-28.3.2"
        },
        "x86_64-linux": {
          "outputs": [
            {
              "name": "out",
              "path": "/nix/store/106702gvzdwr5wgjgfdp177ncdi0cfri-docker-28.3.2",
              "default": true
            }
          ],
          "store_path": "/nix/store/106702gvzdwr5wgjgfdp177ncdi0cfri-docker-28.3.2"
        }
      }
    },
    "git@latest": {
      "last_modified": "2025-07-15T16:15:05Z",
      "resolved": "github:NixOS/nixpkgs/dab3a6e781554f965bde3def0aa2fda4eb8f1708#git",
      "source": "devbox-search",
      "version": "2.50.0",
      "systems": {
        "aarch64-darwin": {
          "outputs": [
            {
              "name": "out",
              "path": "/nix/store/2jwgd7jj1dil1b73h8hnh0xj928416jp-git-2.50.0",
              "default": true
            },
            {
              "name": "doc",
              "path": "/nix/store/wfg8mczayhr7k13bq6fjl1h7rxg5f6p8-git-2.50.0-doc"
            }
          ],
          "store_path": "/nix/store/2jwgd7jj1dil1b73h8hnh0xj928416jp-git-2.50.0"
        },
        "aarch64-linux": {
          "outputs": [
            {
              "name": "out",
              "path": "/nix/store/7mp9n7lbilhk56s842rigrjclbr5ipdj-git-2.50.0",
              "default": true
            },
            {
              "name": "debug",
              "path": "/nix/store/dajrhy2l14ghs5awaag5n8yj62lwsyg9-git-2.50.0-debug"
            },
            {
              "name": "doc",
              "path": "/nix/store/kj8r3acr12x0hkxs0hyrpd8wknvvwhd2-git-2.50.0-doc"
            }
          ],
          "store_path": "/nix/store/7mp9n7lbilhk56s842rigrjclbr5ipdj-git-2.50.0"
        },
        "x86_64-darwin": {
          "outputs": [
            {
              "name": "out",
              "path": "/nix/store/wy5g4i1fr1vrg2drjflbsd75rq7j9rh9-git-2.50.0",
              "default": true
            },
            {
              "name": "doc",
              "path": "/nix/store/kc1k9n4im10nlm6csp16jg3052vdmifa-git-2.50.0-doc"
            }
          ],
          "store_path": "/nix/store/wy5g4i1fr1vrg2drjflbsd75rq7j9rh9-git-2.50.0"
        },
        "x86_64-linux": {
          "outputs": [
            {
              "name": "out",
              "path": "/nix/store/khdq35xh67vw7j7k9y4q9l0svxznhx1b-git-2.50.0",
              "default": true
            },
            {
              "name": "debug",
              "path": "/nix/store/h29apnv0hcp0w03whsh03izhq7ln1jyw-git-2.50.0-debug"
            },
            {
              "name": "doc",
              "path": "/nix/store/fypvhmxqj3583rkzxvmwakw10yri2i23-git-2.50.0-doc"
            }
          ],
          "store_path": "/nix/store/khdq35xh67vw7j7k9y4q9l0svxznhx1b-git-2.50.0"
        }
      }
    },
    "github:NixOS/nixpkgs/nixpkgs-unstable": {
      "last_modified": "2025-07-16T16:36:02Z",
      "resolved": "github:NixOS/nixpkgs/fa64ec5c1ca6f17746f3defedb988b9248e97616?lastModified=1752683762&narHash=sha256-CVC4bpthYhKk4Qb4mt00SqfJ7CJ4vfTX06pLN2OHa1c%3D"
    },
    "glow@latest": {
      "last_modified": "2025-07-13T22:45:35Z",
      "resolved": "github:NixOS/nixpkgs/a421ac6595024edcfbb1ef950a3712b89161c359#glow",
      "source": "devbox-search",
      "version": "2.1.1",
      "systems": {
        "aarch64-darwin": {
          "outputs": [
            {
              "name": "out",
              "path": "/nix/store/3mhy88yxigyj179r32mc75d49qj8mlwa-glow-2.1.1",
              "default": true
            }
          ],
          "store_path": "/nix/store/3mhy88yxigyj179r32mc75d49qj8mlwa-glow-2.1.1"
        },
        "aarch64-linux": {
          "outputs": [
            {
              "name": "out",
              "path": "/nix/store/b93m66khbwxxxnb074yclib1accdyi4n-glow-2.1.1",
              "default": true
            }
          ],
          "store_path": "/nix/store/b93m66khbwxxxnb074yclib1accdyi4n-glow-2.1.1"
        },
        "x86_64-darwin": {
          "outputs": [
            {
              "name": "out",
              "path": "/nix/store/mqcqmnzzhfilpm6xwpzn5f9xg7gggk5w-glow-2.1.1",
              "default": true
            }
          ],
          "store_path": "/nix/store/mqcqmnzzhfilpm6xwpzn5f9xg7gggk5w-glow-2.1.1"
        },
        "x86_64-linux": {
          "outputs": [
            {
              "name": "out",
              "path": "/nix/store/mxf1xqx0ry0n4k8xdwnibzy8hxsni4vj-glow-2.1.1",
              "default": true
            }
          ],
          "store_path": "/nix/store/mxf1xqx0ry0n4k8xdwnibzy8hxsni4vj-glow-2.1.1"
        }
      }
    },
    "hatch@latest": {
      "last_modified": "2025-07-13T22:45:35Z",
      "resolved": "github:NixOS/nixpkgs/a421ac6595024edcfbb1ef950a3712b89161c359#hatch",
      "source": "devbox-search",
      "version": "1.14.1",
      "systems": {
        "aarch64-darwin": {
          "outputs": [
            {
              "name": "out",
              "path": "/nix/store/0xqhw0lc2r1imn75y2kbjbg8q2w5dl9m-hatch-1.14.1",
              "default": true
            },
            {
              "name": "dist",
              "path": "/nix/store/kw9hyvgfswq30byb4qkx2axlwl19qlry-hatch-1.14.1-dist"
            }
          ],
          "store_path": "/nix/store/0xqhw0lc2r1imn75y2kbjbg8q2w5dl9m-hatch-1.14.1"
        },
        "aarch64-linux": {
          "outputs": [
            {
              "name": "out",
              "path": "/nix/store/rilr4jq2bhfxmz3bspad67v4y2av84xk-hatch-1.14.1",
              "default": true
            },
            {
              "name": "dist",
              "path": "/nix/store/y0yc0b40xkd8wj0538c29zdh17cs5dvm-hatch-1.14.1-dist"
            }
          ],
          "store_path": "/nix/store/rilr4jq2bhfxmz3bspad67v4y2av84xk-hatch-1.14.1"
        },
        "x86_64-darwin": {
          "outputs": [
            {
              "name": "out",
              "path": "/nix/store/4jb4rpq2bv1r7xjsqbyidaq5ih5ha22k-hatch-1.14.1",
              "default": true
            },
            {
              "name": "dist",
              "path": "/nix/store/cpcnq7abhgkahzha27mqdm0h0wnj5lay-hatch-1.14.1-dist"
            }
          ],
          "store_path": "/nix/store/4jb4rpq2bv1r7xjsqbyidaq5ih5ha22k-hatch-1.14.1"
        },
        "x86_64-linux": {
          "outputs": [
            {
              "name": "out",
              "path": "/nix/store/170zv2yx605qb0wxbgvkvi2clrcs7q5p-hatch-1.14.1",
              "default": true
            },
            {
              "name": "dist",
              "path": "/nix/store/0760lh2li8g1yr4pwb5ad7cbr8h59bmz-hatch-1.14.1-dist"
            }
          ],
          "store_path": "/nix/store/170zv2yx605qb0wxbgvkvi2clrcs7q5p-hatch-1.14.1"
        }
      }
    },
    "moreutils@latest": {
      "last_modified": "2025-07-13T22:45:35Z",
      "resolved": "github:NixOS/nixpkgs/a421ac6595024edcfbb1ef950a3712b89161c359#moreutils",
      "source": "devbox-search",
      "version": "0.70",
      "systems": {
        "aarch64-darwin": {
          "outputs": [
            {
              "name": "out",
              "path": "/nix/store/abyhkfj0phm2himzm014y4mfgvgiyq99-moreutils-0.70",
              "default": true
            }
          ],
          "store_path": "/nix/store/abyhkfj0phm2himzm014y4mfgvgiyq99-moreutils-0.70"
        },
        "aarch64-linux": {
          "outputs": [
            {
              "name": "out",
              "path": "/nix/store/lqhf85c8k6pprmn3vb22yd9yggiwsypz-moreutils-0.70",
              "default": true
            }
          ],
          "store_path": "/nix/store/lqhf85c8k6pprmn3vb22yd9yggiwsypz-moreutils-0.70"
        },
        "x86_64-darwin": {
          "outputs": [
            {
              "name": "out",
              "path": "/nix/store/ysb2vmibbaddyy70n03rx7wmm4c9a6sa-moreutils-0.70",
              "default": true
            }
          ],
          "store_path": "/nix/store/ysb2vmibbaddyy70n03rx7wmm4c9a6sa-moreutils-0.70"
        },
        "x86_64-linux": {
          "outputs": [
            {
              "name": "out",
              "path": "/nix/store/fc35q5pm3578qspmh75mbvfw5scc4vi7-moreutils-0.70",
              "default": true
            }
          ],
          "store_path": "/nix/store/fc35q5pm3578qspmh75mbvfw5scc4vi7-moreutils-0.70"
        }
      }
    },
    "python312Packages.hatch-vcs@latest": {
      "last_modified": "2025-07-13T22:45:35Z",
      "resolved": "github:NixOS/nixpkgs/a421ac6595024edcfbb1ef950a3712b89161c359#python312Packages.hatch-vcs",
      "source": "devbox-search",
      "version": "0.4.0",
      "systems": {
        "aarch64-darwin": {
          "outputs": [
            {
              "name": "out",
              "path": "/nix/store/36dvi2cy3nmfj0pnhd2nbqk87ak24kcf-python3.12-hatch-vcs-0.4.0",
              "default": true
            },
            {
              "name": "dist",
              "path": "/nix/store/sinr3g1qndr24sm3h34rvvzk2nxkc9x5-python3.12-hatch-vcs-0.4.0-dist"
            }
          ],
          "store_path": "/nix/store/36dvi2cy3nmfj0pnhd2nbqk87ak24kcf-python3.12-hatch-vcs-0.4.0"
        },
        "aarch64-linux": {
          "outputs": [
            {
              "name": "out",
              "path": "/nix/store/q7gmqbsp2f5ka4bmxfjl8g6kknblx13w-python3.12-hatch-vcs-0.4.0",
              "default": true
            },
            {
              "name": "dist",
              "path": "/nix/store/qk4ry586b6d2vsi5vvkxm8q3r0ad9078-python3.12-hatch-vcs-0.4.0-dist"
            }
          ],
          "store_path": "/nix/store/q7gmqbsp2f5ka4bmxfjl8g6kknblx13w-python3.12-hatch-vcs-0.4.0"
        },
        "x86_64-darwin": {
          "outputs": [
            {
              "name": "out",
              "path": "/nix/store/clf61cin6bzb77czqb0lcy2r0xij141i-python3.12-hatch-vcs-0.4.0",
              "default": true
            },
            {
              "name": "dist",
              "path": "/nix/store/9cw9w9iyrj8wnncphqgp817srpnp601v-python3.12-hatch-vcs-0.4.0-dist"
            }
          ],
          "store_path": "/nix/store/clf61cin6bzb77czqb0lcy2r0xij141i-python3.12-hatch-vcs-0.4.0"
        },
        "x86_64-linux": {
          "outputs": [
            {
              "name": "out",
              "path": "/nix/store/bc3fm09kqvqvn001dim1ykhh66gc0hvg-python3.12-hatch-vcs-0.4.0",
              "default": true
            },
            {
              "name": "dist",
              "path": "/nix/store/70d8lg29qmggfi5xjcnv7mg9n1p0wak2-python3.12-hatch-vcs-0.4.0-dist"
            }
          ],
          "store_path": "/nix/store/bc3fm09kqvqvn001dim1ykhh66gc0hvg-python3.12-hatch-vcs-0.4.0"
        }
      }
    },
    "python312Packages.ipython@latest": {
      "last_modified": "2025-07-13T22:45:35Z",
      "resolved": "github:NixOS/nixpkgs/a421ac6595024edcfbb1ef950a3712b89161c359#python312Packages.ipython",
      "source": "devbox-search",
      "version": "9.3.0",
      "systems": {
        "aarch64-darwin": {
          "outputs": [
            {
              "name": "out",
              "path": "/nix/store/xz53fb1vhcx89s1c3pmxwyfkn7by3vk4-python3.12-ipython-9.3.0",
              "default": true
            },
            {
              "name": "dist",
              "path": "/nix/store/mbnqlcsrh4znf7f1mm0733zj9q0fmmqy-python3.12-ipython-9.3.0-dist"
            }
          ],
          "store_path": "/nix/store/xz53fb1vhcx89s1c3pmxwyfkn7by3vk4-python3.12-ipython-9.3.0"
        },
        "aarch64-linux": {
          "outputs": [
            {
              "name": "out",
              "path": "/nix/store/wylqmk6v654hb7kgdbns3yhlp2mw7cp0-python3.12-ipython-9.3.0",
              "default": true
            },
            {
              "name": "dist",
              "path": "/nix/store/nq3cpjviy795ak72bmkpz4lgls9xwp64-python3.12-ipython-9.3.0-dist"
            }
          ],
          "store_path": "/nix/store/wylqmk6v654hb7kgdbns3yhlp2mw7cp0-python3.12-ipython-9.3.0"
        },
        "x86_64-darwin": {
          "outputs": [
            {
              "name": "out",
              "path": "/nix/store/g0lg9lx1xn58yl3x3yfyhxri9jpvsf1s-python3.12-ipython-9.3.0",
              "default": true
            },
            {
              "name": "dist",
              "path": "/nix/store/fhwilkr6dw06wkq4kff1d01hzd57pd6j-python3.12-ipython-9.3.0-dist"
            }
          ],
          "store_path": "/nix/store/g0lg9lx1xn58yl3x3yfyhxri9jpvsf1s-python3.12-ipython-9.3.0"
        },
        "x86_64-linux": {
          "outputs": [
            {
              "name": "out",
              "path": "/nix/store/iifmv9161gg5mgyx6mmjh2dl38c6fdi1-python3.12-ipython-9.3.0",
              "default": true
            },
            {
              "name": "dist",
              "path": "/nix/store/9pksbw17whxwsr7aw4yi6cd0bfjg2300-python3.12-ipython-9.3.0-dist"
            }
          ],
          "store_path": "/nix/store/iifmv9161gg5mgyx6mmjh2dl38c6fdi1-python3.12-ipython-9.3.0"
        }
      }
    },
    "python@3.12": {
      "last_modified": "2025-07-13T22:45:35Z",
      "plugin_version": "0.0.4",
      "resolved": "github:NixOS/nixpkgs/a421ac6595024edcfbb1ef950a3712b89161c359#python312",
      "source": "devbox-search",
      "version": "3.12.11",
      "systems": {
        "aarch64-darwin": {
          "outputs": [
            {
              "name": "out",
              "path": "/nix/store/a97d77dxagnddkn5484kfc2gyj3dcdnq-python3-3.12.11",
              "default": true
            }
          ],
          "store_path": "/nix/store/a97d77dxagnddkn5484kfc2gyj3dcdnq-python3-3.12.11"
        },
        "aarch64-linux": {
          "outputs": [
            {
              "name": "out",
              "path": "/nix/store/0psncrl7sy6gsbzcwcxi19nhm987xk1w-python3-3.12.11",
              "default": true
            },
            {
              "name": "debug",
              "path": "/nix/store/kgkgkq90m387sam8bc4p7ab3a96wd59a-python3-3.12.11-debug"
            }
          ],
          "store_path": "/nix/store/0psncrl7sy6gsbzcwcxi19nhm987xk1w-python3-3.12.11"
        },
        "x86_64-darwin": {
          "outputs": [
            {
              "name": "out",
              "path": "/nix/store/r8zs6n1yjghm89n62zid68bflz3252c2-python3-3.12.11",
              "default": true
            }
          ],
          "store_path": "/nix/store/r8zs6n1yjghm89n62zid68bflz3252c2-python3-3.12.11"
        },
        "x86_64-linux": {
          "outputs": [
            {
              "name": "out",
              "path": "/nix/store/gclk0nvp36gdc05v16ham4f86la5wnwi-python3-3.12.11",
              "default": true
            },
            {
              "name": "debug",
              "path": "/nix/store/vcfwifqcb82znj7bfg6vkljny8wsyc93-python3-3.12.11-debug"
            }
          ],
          "store_path": "/nix/store/gclk0nvp36gdc05v16ham4f86la5wnwi-python3-3.12.11"
        }
      }
    },
    "refurb@latest": {
      "last_modified": "2025-07-13T22:45:35Z",
      "resolved": "github:NixOS/nixpkgs/a421ac6595024edcfbb1ef950a3712b89161c359#refurb",
      "source": "devbox-search",
      "version": "2.1.0",
      "systems": {
        "aarch64-darwin": {
          "outputs": [
            {
              "name": "out",
              "path": "/nix/store/32vy1pkd9srpgv7jpify8svwzgmnxmyr-refurb-2.1.0",
              "default": true
            },
            {
              "name": "dist",
              "path": "/nix/store/12f36gkyj9wn9x4g4dr39232awjvrnff-refurb-2.1.0-dist"
            }
          ],
          "store_path": "/nix/store/32vy1pkd9srpgv7jpify8svwzgmnxmyr-refurb-2.1.0"
        },
        "aarch64-linux": {
          "outputs": [
            {
              "name": "out",
              "path": "/nix/store/r1x35g8av79bppnys7gln1dfanbk58ys-refurb-2.1.0",
              "default": true
            },
            {
              "name": "dist",
              "path": "/nix/store/2815h1h4w9fbd7smfyvw8ijgl0z31sw8-refurb-2.1.0-dist"
            }
          ],
          "store_path": "/nix/store/r1x35g8av79bppnys7gln1dfanbk58ys-refurb-2.1.0"
        },
        "x86_64-darwin": {
          "outputs": [
            {
              "name": "out",
              "path": "/nix/store/ggw6hwhzlycav9arhas7mgzin6vb8f96-refurb-2.1.0",
              "default": true
            },
            {
              "name": "dist",
              "path": "/nix/store/z0yz1ca5bvp5r4k26l5s483bj2mzndmb-refurb-2.1.0-dist"
            }
          ],
          "store_path": "/nix/store/ggw6hwhzlycav9arhas7mgzin6vb8f96-refurb-2.1.0"
        },
        "x86_64-linux": {
          "outputs": [
            {
              "name": "out",
              "path": "/nix/store/63dwfhxf4qxs1x84gdpkwyhvgxaxc1ma-refurb-2.1.0",
              "default": true
            },
            {
              "name": "dist",
              "path": "/nix/store/zp5snyd02889raycdxxzpyidm176pdgd-refurb-2.1.0-dist"
            }
          ],
          "store_path": "/nix/store/63dwfhxf4qxs1x84gdpkwyhvgxaxc1ma-refurb-2.1.0"
        }
      }
    },
    "runme@latest": {
      "last_modified": "2025-07-13T22:45:35Z",
      "resolved": "github:NixOS/nixpkgs/a421ac6595024edcfbb1ef950a3712b89161c359#runme",
      "source": "devbox-search",
      "version": "3.14.2",
      "systems": {
        "aarch64-darwin": {
          "outputs": [
            {
              "name": "out",
              "path": "/nix/store/gf6zic7fqrdc5bbj8ggy9v2y1pqsaznr-runme-3.14.2",
              "default": true
            }
          ],
          "store_path": "/nix/store/gf6zic7fqrdc5bbj8ggy9v2y1pqsaznr-runme-3.14.2"
        },
        "aarch64-linux": {
          "outputs": [
            {
              "name": "out",
              "path": "/nix/store/rbdwx4r6zzi5g92r0sdq1vij7188g9i2-runme-3.14.2",
              "default": true
            }
          ],
          "store_path": "/nix/store/rbdwx4r6zzi5g92r0sdq1vij7188g9i2-runme-3.14.2"
        },
        "x86_64-darwin": {
          "outputs": [
            {
              "name": "out",
              "path": "/nix/store/h0aanf5q4rfhz30rs9ba3v936lj69z50-runme-3.14.2",
              "default": true
            }
          ],
          "store_path": "/nix/store/h0aanf5q4rfhz30rs9ba3v936lj69z50-runme-3.14.2"
        },
        "x86_64-linux": {
          "outputs": [
            {
              "name": "out",
              "path": "/nix/store/jc0rmcqckmzzwq1574i0ggc7qnav7r5i-runme-3.14.2",
              "default": true
            }
          ],
          "store_path": "/nix/store/jc0rmcqckmzzwq1574i0ggc7qnav7r5i-runme-3.14.2"
        }
      }
    },
    "tig@latest": {
      "last_modified": "2025-07-13T22:45:35Z",
      "resolved": "github:NixOS/nixpkgs/a421ac6595024edcfbb1ef950a3712b89161c359#tig",
      "source": "devbox-search",
      "version": "2.5.12",
      "systems": {
        "aarch64-darwin": {
          "outputs": [
            {
              "name": "out",
              "path": "/nix/store/l8zj38gk42lpjfbjw6377q5ay4c6r329-tig-2.5.12",
              "default": true
            }
          ],
          "store_path": "/nix/store/l8zj38gk42lpjfbjw6377q5ay4c6r329-tig-2.5.12"
        },
        "aarch64-linux": {
          "outputs": [
            {
              "name": "out",
              "path": "/nix/store/v06dyhr3ym6z5amr8fj4c0l7n28ahn6b-tig-2.5.12",
              "default": true
            }
          ],
          "store_path": "/nix/store/v06dyhr3ym6z5amr8fj4c0l7n28ahn6b-tig-2.5.12"
        },
        "x86_64-darwin": {
          "outputs": [
            {
              "name": "out",
              "path": "/nix/store/qxlqh1n1prnckn052j95w1kr712s1cnv-tig-2.5.12",
              "default": true
            }
          ],
          "store_path": "/nix/store/qxlqh1n1prnckn052j95w1kr712s1cnv-tig-2.5.12"
        },
        "x86_64-linux": {
          "outputs": [
            {
              "name": "out",
              "path": "/nix/store/xdyaq6cckinpnk9vqy1sjkbshxas0iwc-tig-2.5.12",
              "default": true
            }
          ],
          "store_path": "/nix/store/xdyaq6cckinpnk9vqy1sjkbshxas0iwc-tig-2.5.12"
        }
      }
    },
    "uv@latest": {
      "last_modified": "2025-07-13T22:45:35Z",
      "resolved": "github:NixOS/nixpkgs/a421ac6595024edcfbb1ef950a3712b89161c359#uv",
      "source": "devbox-search",
      "version": "0.7.20",
      "systems": {
        "aarch64-darwin": {
          "outputs": [
            {
              "name": "out",
              "path": "/nix/store/8ci0rsgacxbxyir7mwknjdc8pi6rmp9z-uv-0.7.20",
              "default": true
            }
          ],
          "store_path": "/nix/store/8ci0rsgacxbxyir7mwknjdc8pi6rmp9z-uv-0.7.20"
        },
        "aarch64-linux": {
          "outputs": [
            {
              "name": "out",
              "path": "/nix/store/bi9hwz1fddjp005qnhkvr9qx92pssjpq-uv-0.7.20",
              "default": true
            }
          ],
          "store_path": "/nix/store/bi9hwz1fddjp005qnhkvr9qx92pssjpq-uv-0.7.20"
        },
        "x86_64-darwin": {
          "outputs": [
            {
              "name": "out",
              "path": "/nix/store/g6cb2jsk1hg056nbngk0pxa87dkm2634-uv-0.7.20",
              "default": true
            }
          ],
          "store_path": "/nix/store/g6cb2jsk1hg056nbngk0pxa87dkm2634-uv-0.7.20"
        },
        "x86_64-linux": {
          "outputs": [
            {
              "name": "out",
              "path": "/nix/store/i17kw12rrlgn8fp6hxw73lqi0jdcwmbs-uv-0.7.20",
              "default": true
            }
          ],
          "store_path": "/nix/store/i17kw12rrlgn8fp6hxw73lqi0jdcwmbs-uv-0.7.20"
        }
      }
    }
  }
}
