{
  "lockfile_version": "1",
  "packages": {
    "bashInteractive@latest": {
      "last_modified": "2025-02-18T07:26:52Z",
      "resolved": "github:NixOS/nixpkgs/632f04521e847173c54fa72973ec6c39a371211c#bashInteractive",
      "source": "devbox-search",
      "version": "5.2p37",
      "systems": {
        "aarch64-darwin": {
          "outputs": [
            {
              "name": "out",
              "path": "/nix/store/7ppd0j3scxlgz9v106iqr4i05vs6dv8f-bash-interactive-5.2p37",
              "default": true
            },
            {
              "name": "man",
              "path": "/nix/store/nzc4d74xz6bp89xszgjhdlq4ajbbd10h-bash-interactive-5.2p37-man",
              "default": true
            },
            {
              "name": "doc",
              "path": "/nix/store/v0jlsh1n4lpjgxkxxyjqnjps6n2x6vj5-bash-interactive-5.2p37-doc"
            },
            {
              "name": "info",
              "path": "/nix/store/87j2izkwdn6i1cf9y375yjgnvxz9lrg8-bash-interactive-5.2p37-info"
            },
            {
              "name": "dev",
              "path": "/nix/store/kx703ixl474lkcqqhvxg26yg0x85f3b1-bash-interactive-5.2p37-dev"
            }
          ],
          "store_path": "/nix/store/7ppd0j3scxlgz9v106iqr4i05vs6dv8f-bash-interactive-5.2p37"
        },
        "aarch64-linux": {
          "outputs": [
            {
              "name": "out",
              "path": "/nix/store/vvqi8n8awklfv97y6k4jxsg0w8h1970v-bash-interactive-5.2p37",
              "default": true
            },
            {
              "name": "man",
              "path": "/nix/store/5ddbmjnr0mq32dj6h8aq3rcbyimdl6ia-bash-interactive-5.2p37-man",
              "default": true
            },
            {
              "name": "debug",
              "path": "/nix/store/84nn6g0xy17zlk878bis7i68hbiarhfg-bash-interactive-5.2p37-debug"
            },
            {
              "name": "dev",
              "path": "/nix/store/ljmn5pga4ymyjqbv85dwnsl5df052jzr-bash-interactive-5.2p37-dev"
            },
            {
              "name": "doc",
              "path": "/nix/store/x01w1mllkj0sa9iify8jpic62prw6lig-bash-interactive-5.2p37-doc"
            },
            {
              "name": "info",
              "path": "/nix/store/09fx54503xdgdnf94av8j64xssh5bw8a-bash-interactive-5.2p37-info"
            }
          ],
          "store_path": "/nix/store/vvqi8n8awklfv97y6k4jxsg0w8h1970v-bash-interactive-5.2p37"
        },
        "x86_64-darwin": {
          "outputs": [
            {
              "name": "out",
              "path": "/nix/store/s9wvs6kf32zhj7qva5sw4dy3zkzswxr4-bash-interactive-5.2p37",
              "default": true
            },
            {
              "name": "man",
              "path": "/nix/store/4ji6s1891jchnb8vnagildjxkr2mla6k-bash-interactive-5.2p37-man",
              "default": true
            },
            {
              "name": "dev",
              "path": "/nix/store/spdv87vmb47v0hq56jzz58db61sbbp1s-bash-interactive-5.2p37-dev"
            },
            {
              "name": "doc",
              "path": "/nix/store/fvvlrpn5d74aph62jszkby62ynn3ys15-bash-interactive-5.2p37-doc"
            },
            {
              "name": "info",
              "path": "/nix/store/f3v1r7jxmznfvidcbr4fgkxsp51qkn1k-bash-interactive-5.2p37-info"
            }
          ],
          "store_path": "/nix/store/s9wvs6kf32zhj7qva5sw4dy3zkzswxr4-bash-interactive-5.2p37"
        },
        "x86_64-linux": {
          "outputs": [
            {
              "name": "out",
              "path": "/nix/store/6vpzxqaqvwiyqywssfavs1s51b4cgsin-bash-interactive-5.2p37",
              "default": true
            },
            {
              "name": "man",
              "path": "/nix/store/q6rlnvrv67j8p7gqhyy25b4chhgql5p7-bash-interactive-5.2p37-man",
              "default": true
            },
            {
              "name": "doc",
              "path": "/nix/store/blywgvpya7499zza1a3q3d50l9lnkvj8-bash-interactive-5.2p37-doc"
            },
            {
              "name": "info",
              "path": "/nix/store/f3kcpir9lkb6n3ybdyz1f9fqi32d05mw-bash-interactive-5.2p37-info"
            },
            {
              "name": "debug",
              "path": "/nix/store/wl0idy04ap0cq9m7zica1v30qzrh8d6f-bash-interactive-5.2p37-debug"
            },
            {
              "name": "dev",
              "path": "/nix/store/4bk1q0hsar2p83950m4miv4ddhfalxh4-bash-interactive-5.2p37-dev"
            }
          ],
          "store_path": "/nix/store/6vpzxqaqvwiyqywssfavs1s51b4cgsin-bash-interactive-5.2p37"
        }
      }
    },
    "coreutils@latest": {
      "last_modified": "2026-01-01T13:17:10Z",
      "resolved": "github:NixOS/nixpkgs/76eec3925eb9bbe193934987d3285473dbcfad50#coreutils",
      "source": "devbox-search",
      "version": "9.8",
      "systems": {
        "aarch64-darwin": {
          "outputs": [
            {
              "name": "out",
              "path": "/nix/store/l60153ymb6kdnavlpaghi7h5fz7gh7iw-coreutils-9.8",
              "default": true
            },
            {
              "name": "info",
              "path": "/nix/store/l10a9szzdyj4f7s4k7bz095hg7sa9yqf-coreutils-9.8-info"
            }
          ],
          "store_path": "/nix/store/l60153ymb6kdnavlpaghi7h5fz7gh7iw-coreutils-9.8"
        },
        "aarch64-linux": {
          "outputs": [
            {
              "name": "out",
              "path": "/nix/store/843ahdalwl120986c7ilk5q1c47biyap-coreutils-9.8",
              "default": true
            },
            {
              "name": "debug",
              "path": "/nix/store/7v9sy1kpasb3g1yj8mh5nlz9iajp68jw-coreutils-9.8-debug"
            },
            {
              "name": "info",
              "path": "/nix/store/24zy33w0r2baj4frfp39w0qch3k463gy-coreutils-9.8-info"
            }
          ],
          "store_path": "/nix/store/843ahdalwl120986c7ilk5q1c47biyap-coreutils-9.8"
        },
        "x86_64-darwin": {
          "outputs": [
            {
              "name": "out",
              "path": "/nix/store/i5j9js9ip06p0qjfrgrlv127bz4pdhy5-coreutils-9.8",
              "default": true
            },
            {
              "name": "info",
              "path": "/nix/store/5lwyqgyd3xf0hg8rd26shj9malp9lpqw-coreutils-9.8-info"
            }
          ],
          "store_path": "/nix/store/i5j9js9ip06p0qjfrgrlv127bz4pdhy5-coreutils-9.8"
        },
        "x86_64-linux": {
          "outputs": [
            {
              "name": "out",
              "path": "/nix/store/d75200gb22v7p0703h5jrkgg8bqydk5q-coreutils-9.8",
              "default": true
            },
            {
              "name": "info",
              "path": "/nix/store/f6kvimj4nmb89syl4pm61vdld7dvq6hm-coreutils-9.8-info"
            },
            {
              "name": "debug",
              "path": "/nix/store/75w8ha5j0a84j3bznvak84qg51hdvwqf-coreutils-9.8-debug"
            }
          ],
          "store_path": "/nix/store/d75200gb22v7p0703h5jrkgg8bqydk5q-coreutils-9.8"
        }
      }
    },
    "cowsay@latest": {
      "last_modified": "2025-12-31T03:27:36Z",
      "resolved": "github:NixOS/nixpkgs/f665af0cdb70ed27e1bd8f9fdfecaf451260fc55#cowsay",
      "source": "devbox-search",
      "version": "3.8.4",
      "systems": {
        "aarch64-darwin": {
          "outputs": [
            {
              "name": "out",
              "path": "/nix/store/yyvy8j5qs3d3mh6bj2y8xff0cdmy2qsh-cowsay-3.8.4",
              "default": true
            },
            {
              "name": "man",
              "path": "/nix/store/v7zq468lh0f42id75lp281cpj6gbzj9q-cowsay-3.8.4-man",
              "default": true
            }
          ],
          "store_path": "/nix/store/yyvy8j5qs3d3mh6bj2y8xff0cdmy2qsh-cowsay-3.8.4"
        },
        "aarch64-linux": {
          "outputs": [
            {
              "name": "out",
              "path": "/nix/store/aici03040nvpvxhb5dihs119x5b3rngi-cowsay-3.8.4",
              "default": true
            },
            {
              "name": "man",
              "path": "/nix/store/sikv83x90l5ayrm33f7cy1b5ynlmm2wq-cowsay-3.8.4-man",
              "default": true
            }
          ],
          "store_path": "/nix/store/aici03040nvpvxhb5dihs119x5b3rngi-cowsay-3.8.4"
        },
        "x86_64-darwin": {
          "outputs": [
            {
              "name": "out",
              "path": "/nix/store/9cr4r06kja460p3nih45rk8gwi9mwjka-cowsay-3.8.4",
              "default": true
            },
            {
              "name": "man",
              "path": "/nix/store/rqfygcjk2z684mkjv194swp4dq892h5m-cowsay-3.8.4-man",
              "default": true
            }
          ],
          "store_path": "/nix/store/9cr4r06kja460p3nih45rk8gwi9mwjka-cowsay-3.8.4"
        },
        "x86_64-linux": {
          "outputs": [
            {
              "name": "out",
              "path": "/nix/store/y5awi2qqhx6rx6j7fh6ik2k8aagdyy1z-cowsay-3.8.4",
              "default": true
            },
            {
              "name": "man",
              "path": "/nix/store/6mk2k28339wgplwz7l32ilp66ldqlr6v-cowsay-3.8.4-man",
              "default": true
            }
          ],
          "store_path": "/nix/store/y5awi2qqhx6rx6j7fh6ik2k8aagdyy1z-cowsay-3.8.4"
        }
      }
    },
    "docker-client@latest": {
      "last_modified": "2025-12-31T03:27:36Z",
      "resolved": "github:NixOS/nixpkgs/f665af0cdb70ed27e1bd8f9fdfecaf451260fc55#docker-client",
      "source": "devbox-search",
      "version": "29.1.3",
      "systems": {
        "aarch64-darwin": {
          "outputs": [
            {
              "name": "out",
              "path": "/nix/store/xaysfh8xlwd9ikjadgm12zhgi66nbdf3-docker-29.1.3",
              "default": true
            }
          ],
          "store_path": "/nix/store/xaysfh8xlwd9ikjadgm12zhgi66nbdf3-docker-29.1.3"
        },
        "aarch64-linux": {
          "outputs": [
            {
              "name": "out",
              "path": "/nix/store/fhdric4k8a42imvkdznjrdx1wgx7aixz-docker-29.1.3",
              "default": true
            }
          ],
          "store_path": "/nix/store/fhdric4k8a42imvkdznjrdx1wgx7aixz-docker-29.1.3"
        },
        "x86_64-darwin": {
          "outputs": [
            {
              "name": "out",
              "path": "/nix/store/c92lg5xhdm6v2kmbbczbn83cs46m8ghc-docker-29.1.3",
              "default": true
            }
          ],
          "store_path": "/nix/store/c92lg5xhdm6v2kmbbczbn83cs46m8ghc-docker-29.1.3"
        },
        "x86_64-linux": {
          "outputs": [
            {
              "name": "out",
              "path": "/nix/store/yhqgks2jk4my6hb68vgfldv1fh85bga0-docker-29.1.3",
              "default": true
            }
          ],
          "store_path": "/nix/store/yhqgks2jk4my6hb68vgfldv1fh85bga0-docker-29.1.3"
        }
      }
    },
    "doq@latest": {
      "last_modified": "2025-12-31T03:27:36Z",
      "resolved": "github:NixOS/nixpkgs/f665af0cdb70ed27e1bd8f9fdfecaf451260fc55#doq",
      "source": "devbox-search",
      "version": "0.10.0",
      "systems": {
        "aarch64-darwin": {
          "outputs": [
            {
              "name": "out",
              "path": "/nix/store/m9qpfj0420h4yyfs2c0b6n8kwsh41fm0-doq-0.10.0",
              "default": true
            },
            {
              "name": "dist",
              "path": "/nix/store/3383rr586z7ppila2x38ikk1jmy9d0bp-doq-0.10.0-dist"
            }
          ],
          "store_path": "/nix/store/m9qpfj0420h4yyfs2c0b6n8kwsh41fm0-doq-0.10.0"
        },
        "aarch64-linux": {
          "outputs": [
            {
              "name": "out",
              "path": "/nix/store/kppmkzd1sbvja4gfrn2kgv6yr9lc5cz4-doq-0.10.0",
              "default": true
            },
            {
              "name": "dist",
              "path": "/nix/store/ijv8c7wqwvf7gd215ag9yqdp6nyd4c4x-doq-0.10.0-dist"
            }
          ],
          "store_path": "/nix/store/kppmkzd1sbvja4gfrn2kgv6yr9lc5cz4-doq-0.10.0"
        },
        "x86_64-darwin": {
          "outputs": [
            {
              "name": "out",
              "path": "/nix/store/80bfrazl4z8zxdvybpsx8ys97hhj5gx4-doq-0.10.0",
              "default": true
            },
            {
              "name": "dist",
              "path": "/nix/store/nskl75i4lklwzhhbdqzwwiykb1097vjp-doq-0.10.0-dist"
            }
          ],
          "store_path": "/nix/store/80bfrazl4z8zxdvybpsx8ys97hhj5gx4-doq-0.10.0"
        },
        "x86_64-linux": {
          "outputs": [
            {
              "name": "out",
              "path": "/nix/store/zsn01jy1jpidinp09zirr361bdjsr36k-doq-0.10.0",
              "default": true
            },
            {
              "name": "dist",
              "path": "/nix/store/j28bkq58vf57a2bf13miazay7xa3lb21-doq-0.10.0-dist"
            }
          ],
          "store_path": "/nix/store/zsn01jy1jpidinp09zirr361bdjsr36k-doq-0.10.0"
        }
      }
    },
    "git@latest": {
      "last_modified": "2026-01-01T04:40:00Z",
      "resolved": "github:NixOS/nixpkgs/c04833a1e584401bb63c1a63ddc51a71e6aa457a#git",
      "source": "devbox-search",
      "version": "2.52.0",
      "systems": {
        "aarch64-darwin": {
          "outputs": [
            {
              "name": "out",
              "path": "/nix/store/1xy62wrp3m91snd3cazxgg0yrplb6sav-git-2.52.0",
              "default": true
            },
            {
              "name": "doc",
              "path": "/nix/store/1518yqnr4z0p65jfv8skw2qwc30ad5la-git-2.52.0-doc"
            }
          ],
          "store_path": "/nix/store/1xy62wrp3m91snd3cazxgg0yrplb6sav-git-2.52.0"
        },
        "aarch64-linux": {
          "outputs": [
            {
              "name": "out",
              "path": "/nix/store/mfbr42w740arf759n51nhki221lang5z-git-2.52.0",
              "default": true
            },
            {
              "name": "doc",
              "path": "/nix/store/lm1plgvh8qlv0amm8wiz8l00ky298hws-git-2.52.0-doc"
            },
            {
              "name": "debug",
              "path": "/nix/store/q0lq2fczq1y9q9028k4ripf38mfy3n42-git-2.52.0-debug"
            }
          ],
          "store_path": "/nix/store/mfbr42w740arf759n51nhki221lang5z-git-2.52.0"
        },
        "x86_64-darwin": {
          "outputs": [
            {
              "name": "out",
              "path": "/nix/store/0lxp1s4hb0xb0di1a5jg08rr8hk0cvz8-git-2.52.0",
              "default": true
            },
            {
              "name": "doc",
              "path": "/nix/store/a9903b6q3clvx61l8drkpr262fb5qmik-git-2.52.0-doc"
            }
          ],
          "store_path": "/nix/store/0lxp1s4hb0xb0di1a5jg08rr8hk0cvz8-git-2.52.0"
        },
        "x86_64-linux": {
          "outputs": [
            {
              "name": "out",
              "path": "/nix/store/fryiyyhhilpqhx2wc4b6l5gnxc8w18rg-git-2.52.0",
              "default": true
            },
            {
              "name": "debug",
              "path": "/nix/store/q6m51s4q8kddlh9b9rb63v1yqvlv3xgp-git-2.52.0-debug"
            },
            {
              "name": "doc",
              "path": "/nix/store/n4zq81winwf8d5y2ra7fjznwl6cnhggz-git-2.52.0-doc"
            }
          ],
          "store_path": "/nix/store/fryiyyhhilpqhx2wc4b6l5gnxc8w18rg-git-2.52.0"
        }
      }
    },
    "github:NixOS/nixpkgs/nixpkgs-unstable": {
      "last_modified": "2026-01-12T00:44:08Z",
      "resolved": "github:NixOS/nixpkgs/3fbab70c6e69c87ea2b6e48aa6629da2aa6a23b0?lastModified=1768178648&narHash=sha256-kz%2FF6mhESPvU1diB7tOM3nLcBfQe7GU7GQCymRlTi%2Fs%3D"
    },
    "glow@latest": {
      "last_modified": "2025-12-31T03:27:36Z",
      "resolved": "github:NixOS/nixpkgs/f665af0cdb70ed27e1bd8f9fdfecaf451260fc55#glow",
      "source": "devbox-search",
      "version": "2.1.1",
      "systems": {
        "aarch64-darwin": {
          "outputs": [
            {
              "name": "out",
              "path": "/nix/store/29sm1ig5r8fbzl38gpbb1c4npiw9wvjy-glow-2.1.1",
              "default": true
            }
          ],
          "store_path": "/nix/store/29sm1ig5r8fbzl38gpbb1c4npiw9wvjy-glow-2.1.1"
        },
        "aarch64-linux": {
          "outputs": [
            {
              "name": "out",
              "path": "/nix/store/i4zjimn2vvlhzv1xdb48h7b6qji5wm3x-glow-2.1.1",
              "default": true
            }
          ],
          "store_path": "/nix/store/i4zjimn2vvlhzv1xdb48h7b6qji5wm3x-glow-2.1.1"
        },
        "x86_64-darwin": {
          "outputs": [
            {
              "name": "out",
              "path": "/nix/store/g6g4a69q83y202n642jw9lc6q2jgxc0l-glow-2.1.1",
              "default": true
            }
          ],
          "store_path": "/nix/store/g6g4a69q83y202n642jw9lc6q2jgxc0l-glow-2.1.1"
        },
        "x86_64-linux": {
          "outputs": [
            {
              "name": "out",
              "path": "/nix/store/f4a42x47x1izqz2x9xw9x18y7lqhhj2n-glow-2.1.1",
              "default": true
            }
          ],
          "store_path": "/nix/store/f4a42x47x1izqz2x9xw9x18y7lqhhj2n-glow-2.1.1"
        }
      }
    },
    "moreutils@latest": {
      "last_modified": "2025-12-31T03:27:36Z",
      "resolved": "github:NixOS/nixpkgs/f665af0cdb70ed27e1bd8f9fdfecaf451260fc55#moreutils",
      "source": "devbox-search",
      "version": "0.70",
      "systems": {
        "aarch64-darwin": {
          "outputs": [
            {
              "name": "out",
              "path": "/nix/store/xhl3001fwlzgxsb0dffrd7zamiy1522q-moreutils-0.70",
              "default": true
            }
          ],
          "store_path": "/nix/store/xhl3001fwlzgxsb0dffrd7zamiy1522q-moreutils-0.70"
        },
        "aarch64-linux": {
          "outputs": [
            {
              "name": "out",
              "path": "/nix/store/jz1qpa4hmzbm0m43xqn08gp58j8x7z0d-moreutils-0.70",
              "default": true
            }
          ],
          "store_path": "/nix/store/jz1qpa4hmzbm0m43xqn08gp58j8x7z0d-moreutils-0.70"
        },
        "x86_64-darwin": {
          "outputs": [
            {
              "name": "out",
              "path": "/nix/store/fzbd187yh8689pvw42l23sl4v48xc294-moreutils-0.70",
              "default": true
            }
          ],
          "store_path": "/nix/store/fzbd187yh8689pvw42l23sl4v48xc294-moreutils-0.70"
        },
        "x86_64-linux": {
          "outputs": [
            {
              "name": "out",
              "path": "/nix/store/dlv7pwck5fq1mccxl8050pcyph6lm9fz-moreutils-0.70",
              "default": true
            }
          ],
          "store_path": "/nix/store/dlv7pwck5fq1mccxl8050pcyph6lm9fz-moreutils-0.70"
        }
      }
    },
    "python312Packages.ipython@latest": {
      "last_modified": "2025-11-23T21:50:36Z",
      "resolved": "github:NixOS/nixpkgs/ee09932cedcef15aaf476f9343d1dea2cb77e261#python312Packages.ipython",
      "source": "devbox-search",
      "version": "9.5.0",
      "systems": {
        "aarch64-darwin": {
          "outputs": [
            {
              "name": "out",
              "path": "/nix/store/lxnrq74l6047yz4ssj47xy0kfmsqh7ga-python3.12-ipython-9.5.0",
              "default": true
            },
            {
              "name": "dist",
              "path": "/nix/store/w58vskxrv4j8jwi63w3dk7j1cpdia9vd-python3.12-ipython-9.5.0-dist"
            }
          ],
          "store_path": "/nix/store/lxnrq74l6047yz4ssj47xy0kfmsqh7ga-python3.12-ipython-9.5.0"
        },
        "aarch64-linux": {
          "outputs": [
            {
              "name": "out",
              "path": "/nix/store/jli13nvhjfiyqk2l7b3dvrx0fqxf9sbv-python3.12-ipython-9.5.0",
              "default": true
            },
            {
              "name": "dist",
              "path": "/nix/store/338gixpc3kbsqy8r640vsv0g7ck13l1m-python3.12-ipython-9.5.0-dist"
            }
          ],
          "store_path": "/nix/store/jli13nvhjfiyqk2l7b3dvrx0fqxf9sbv-python3.12-ipython-9.5.0"
        },
        "x86_64-darwin": {
          "outputs": [
            {
              "name": "out",
              "path": "/nix/store/zqpxl0akcmhw7y9lja3cbi2n2lwcnyb5-python3.12-ipython-9.5.0",
              "default": true
            },
            {
              "name": "dist",
              "path": "/nix/store/0qq838hakd1hqjf2k550cw4zwag0nvag-python3.12-ipython-9.5.0-dist"
            }
          ],
          "store_path": "/nix/store/zqpxl0akcmhw7y9lja3cbi2n2lwcnyb5-python3.12-ipython-9.5.0"
        },
        "x86_64-linux": {
          "outputs": [
            {
              "name": "out",
              "path": "/nix/store/kpl0l7kcmnc0j377f10jcdf0npf8lf3c-python3.12-ipython-9.5.0",
              "default": true
            },
            {
              "name": "dist",
              "path": "/nix/store/213sxzxc5z2j5y3845p9lvy4z8vzzxpv-python3.12-ipython-9.5.0-dist"
            }
          ],
          "store_path": "/nix/store/kpl0l7kcmnc0j377f10jcdf0npf8lf3c-python3.12-ipython-9.5.0"
        }
      }
    },
    "python@3.13": {
      "last_modified": "2025-05-16T20:19:48Z",
      "plugin_version": "0.0.4",
      "resolved": "github:NixOS/nixpkgs/12a55407652e04dcf2309436eb06fef0d3713ef3#python313",
      "source": "devbox-search",
      "version": "3.13.3",
      "systems": {
        "aarch64-darwin": {
          "outputs": [
            {
              "name": "out",
              "path": "/nix/store/1a8xg8l3m67hxinxzzcsak9736qm9vsf-python3-3.13.3",
              "default": true
            }
          ],
          "store_path": "/nix/store/1a8xg8l3m67hxinxzzcsak9736qm9vsf-python3-3.13.3"
        },
        "aarch64-linux": {
          "outputs": [
            {
              "name": "out",
              "path": "/nix/store/yy0xvc2rydhrs0h1v8d7r3sql347xzz5-python3-3.13.3",
              "default": true
            },
            {
              "name": "debug",
              "path": "/nix/store/42bxfqfrh8cwspl7szr0cw8739xv8qlq-python3-3.13.3-debug"
            }
          ],
          "store_path": "/nix/store/yy0xvc2rydhrs0h1v8d7r3sql347xzz5-python3-3.13.3"
        },
        "x86_64-darwin": {
          "outputs": [
            {
              "name": "out",
              "path": "/nix/store/gbrigjhghz9v2p0zf9b2fnvs0g0yx7q4-python3-3.13.3",
              "default": true
            }
          ],
          "store_path": "/nix/store/gbrigjhghz9v2p0zf9b2fnvs0g0yx7q4-python3-3.13.3"
        },
        "x86_64-linux": {
          "outputs": [
            {
              "name": "out",
              "path": "/nix/store/2mab9iiwhcqwk75qwvp3zv0bvbiaq6cs-python3-3.13.3",
              "default": true
            },
            {
              "name": "debug",
              "path": "/nix/store/9z6k8ijl2md0y2n95yprbjj4vxbfsi15-python3-3.13.3-debug"
            }
          ],
          "store_path": "/nix/store/2mab9iiwhcqwk75qwvp3zv0bvbiaq6cs-python3-3.13.3"
        }
      }
    },
    "refurb@latest": {
      "last_modified": "2025-12-31T03:27:36Z",
      "resolved": "github:NixOS/nixpkgs/f665af0cdb70ed27e1bd8f9fdfecaf451260fc55#refurb",
      "source": "devbox-search",
      "version": "2.2.0",
      "systems": {
        "aarch64-darwin": {
          "outputs": [
            {
              "name": "out",
              "path": "/nix/store/3l0zp176bcnwy30zdyyy8s4nky7z21m8-refurb-2.2.0",
              "default": true
            },
            {
              "name": "dist",
              "path": "/nix/store/17mikap3k90bd7ac2shk0nfgg4ygs77b-refurb-2.2.0-dist"
            }
          ],
          "store_path": "/nix/store/3l0zp176bcnwy30zdyyy8s4nky7z21m8-refurb-2.2.0"
        },
        "aarch64-linux": {
          "outputs": [
            {
              "name": "out",
              "path": "/nix/store/k81kb2v49fymkw5bsl44dxj418yyfs8d-refurb-2.2.0",
              "default": true
            },
            {
              "name": "dist",
              "path": "/nix/store/qia76w20zy35k0zb2x6z23q0khj9afrj-refurb-2.2.0-dist"
            }
          ],
          "store_path": "/nix/store/k81kb2v49fymkw5bsl44dxj418yyfs8d-refurb-2.2.0"
        },
        "x86_64-darwin": {
          "outputs": [
            {
              "name": "out",
              "path": "/nix/store/7k1qkhip0cdhqcifp110420b51y015ws-refurb-2.2.0",
              "default": true
            },
            {
              "name": "dist",
              "path": "/nix/store/s2nsa85vbv8ghgah5c8ja62cxwrsj8pr-refurb-2.2.0-dist"
            }
          ],
          "store_path": "/nix/store/7k1qkhip0cdhqcifp110420b51y015ws-refurb-2.2.0"
        },
        "x86_64-linux": {
          "outputs": [
            {
              "name": "out",
              "path": "/nix/store/bvgyk7f2qbicp24v1cc40smadsi5c2pf-refurb-2.2.0",
              "default": true
            },
            {
              "name": "dist",
              "path": "/nix/store/4v26wapc7wd8a19w8cmj87nr9s36j199-refurb-2.2.0-dist"
            }
          ],
          "store_path": "/nix/store/bvgyk7f2qbicp24v1cc40smadsi5c2pf-refurb-2.2.0"
        }
      }
    },
    "runme@latest": {
      "last_modified": "2025-12-31T03:27:36Z",
      "resolved": "github:NixOS/nixpkgs/f665af0cdb70ed27e1bd8f9fdfecaf451260fc55#runme",
      "source": "devbox-search",
      "version": "3.16.4",
      "systems": {
        "aarch64-darwin": {
          "outputs": [
            {
              "name": "out",
              "path": "/nix/store/3zp9392r0lbyfqh68yqinxf5g6fryhcb-runme-3.16.4",
              "default": true
            }
          ],
          "store_path": "/nix/store/3zp9392r0lbyfqh68yqinxf5g6fryhcb-runme-3.16.4"
        },
        "aarch64-linux": {
          "outputs": [
            {
              "name": "out",
              "path": "/nix/store/05yhwpabpr214b4b7wm4x31ws1c786sq-runme-3.16.4",
              "default": true
            }
          ],
          "store_path": "/nix/store/05yhwpabpr214b4b7wm4x31ws1c786sq-runme-3.16.4"
        },
        "x86_64-darwin": {
          "outputs": [
            {
              "name": "out",
              "path": "/nix/store/jbrxkzlsna6k5ip18f7cc7klilask6hm-runme-3.16.4",
              "default": true
            }
          ],
          "store_path": "/nix/store/jbrxkzlsna6k5ip18f7cc7klilask6hm-runme-3.16.4"
        },
        "x86_64-linux": {
          "outputs": [
            {
              "name": "out",
              "path": "/nix/store/v68b2d1mnasv9w6d662m8w9qksx5rd8z-runme-3.16.4",
              "default": true
            }
          ],
          "store_path": "/nix/store/v68b2d1mnasv9w6d662m8w9qksx5rd8z-runme-3.16.4"
        }
      }
    },
    "tig@latest": {
      "last_modified": "2025-12-31T03:27:36Z",
      "resolved": "github:NixOS/nixpkgs/f665af0cdb70ed27e1bd8f9fdfecaf451260fc55#tig",
      "source": "devbox-search",
      "version": "2.6.0",
      "systems": {
        "aarch64-darwin": {
          "outputs": [
            {
              "name": "out",
              "path": "/nix/store/v2cwysrh75kr6imh231v7ixwb7bc56qy-tig-2.6.0",
              "default": true
            }
          ],
          "store_path": "/nix/store/v2cwysrh75kr6imh231v7ixwb7bc56qy-tig-2.6.0"
        },
        "aarch64-linux": {
          "outputs": [
            {
              "name": "out",
              "path": "/nix/store/pvgvvdfs97mr3bi2cm4gfvf4yimvnxyz-tig-2.6.0",
              "default": true
            }
          ],
          "store_path": "/nix/store/pvgvvdfs97mr3bi2cm4gfvf4yimvnxyz-tig-2.6.0"
        },
        "x86_64-darwin": {
          "outputs": [
            {
              "name": "out",
              "path": "/nix/store/wikfh3ipjj5qk44bhxivk1qai3ddx510-tig-2.6.0",
              "default": true
            }
          ],
          "store_path": "/nix/store/wikfh3ipjj5qk44bhxivk1qai3ddx510-tig-2.6.0"
        },
        "x86_64-linux": {
          "outputs": [
            {
              "name": "out",
              "path": "/nix/store/a0xn5xk768i109d745ds9wiliqv0k2s8-tig-2.6.0",
              "default": true
            }
          ],
          "store_path": "/nix/store/a0xn5xk768i109d745ds9wiliqv0k2s8-tig-2.6.0"
        }
      }
    }
  }
}
