{
  "lockfile_version": "1",
  "packages": {
    "bashInteractive@latest": {
      "last_modified": "2025-02-18T07:26:52Z",
      "resolved": "github:NixOS/nixpkgs/632f04521e847173c54fa72973ec6c39a371211c#bashInteractive",
      "source": "devbox-search",
      "version": "5.2p37",
      "systems": {
        "aarch64-darwin": {
          "outputs": [
            {
              "name": "out",
              "path": "/nix/store/7ppd0j3scxlgz9v106iqr4i05vs6dv8f-bash-interactive-5.2p37",
              "default": true
            },
            {
              "name": "man",
              "path": "/nix/store/nzc4d74xz6bp89xszgjhdlq4ajbbd10h-bash-interactive-5.2p37-man",
              "default": true
            },
            {
              "name": "dev",
              "path": "/nix/store/kx703ixl474lkcqqhvxg26yg0x85f3b1-bash-interactive-5.2p37-dev"
            },
            {
              "name": "doc",
              "path": "/nix/store/v0jlsh1n4lpjgxkxxyjqnjps6n2x6vj5-bash-interactive-5.2p37-doc"
            },
            {
              "name": "info",
              "path": "/nix/store/87j2izkwdn6i1cf9y375yjgnvxz9lrg8-bash-interactive-5.2p37-info"
            }
          ],
          "store_path": "/nix/store/7ppd0j3scxlgz9v106iqr4i05vs6dv8f-bash-interactive-5.2p37"
        },
        "aarch64-linux": {
          "outputs": [
            {
              "name": "out",
              "path": "/nix/store/vvqi8n8awklfv97y6k4jxsg0w8h1970v-bash-interactive-5.2p37",
              "default": true
            },
            {
              "name": "man",
              "path": "/nix/store/5ddbmjnr0mq32dj6h8aq3rcbyimdl6ia-bash-interactive-5.2p37-man",
              "default": true
            },
            {
              "name": "debug",
              "path": "/nix/store/84nn6g0xy17zlk878bis7i68hbiarhfg-bash-interactive-5.2p37-debug"
            },
            {
              "name": "dev",
              "path": "/nix/store/ljmn5pga4ymyjqbv85dwnsl5df052jzr-bash-interactive-5.2p37-dev"
            },
            {
              "name": "doc",
              "path": "/nix/store/x01w1mllkj0sa9iify8jpic62prw6lig-bash-interactive-5.2p37-doc"
            },
            {
              "name": "info",
              "path": "/nix/store/09fx54503xdgdnf94av8j64xssh5bw8a-bash-interactive-5.2p37-info"
            }
          ],
          "store_path": "/nix/store/vvqi8n8awklfv97y6k4jxsg0w8h1970v-bash-interactive-5.2p37"
        },
        "x86_64-darwin": {
          "outputs": [
            {
              "name": "out",
              "path": "/nix/store/s9wvs6kf32zhj7qva5sw4dy3zkzswxr4-bash-interactive-5.2p37",
              "default": true
            },
            {
              "name": "man",
              "path": "/nix/store/4ji6s1891jchnb8vnagildjxkr2mla6k-bash-interactive-5.2p37-man",
              "default": true
            },
            {
              "name": "dev",
              "path": "/nix/store/spdv87vmb47v0hq56jzz58db61sbbp1s-bash-interactive-5.2p37-dev"
            },
            {
              "name": "doc",
              "path": "/nix/store/fvvlrpn5d74aph62jszkby62ynn3ys15-bash-interactive-5.2p37-doc"
            },
            {
              "name": "info",
              "path": "/nix/store/f3v1r7jxmznfvidcbr4fgkxsp51qkn1k-bash-interactive-5.2p37-info"
            }
          ],
          "store_path": "/nix/store/s9wvs6kf32zhj7qva5sw4dy3zkzswxr4-bash-interactive-5.2p37"
        },
        "x86_64-linux": {
          "outputs": [
            {
              "name": "out",
              "path": "/nix/store/6vpzxqaqvwiyqywssfavs1s51b4cgsin-bash-interactive-5.2p37",
              "default": true
            },
            {
              "name": "man",
              "path": "/nix/store/q6rlnvrv67j8p7gqhyy25b4chhgql5p7-bash-interactive-5.2p37-man",
              "default": true
            },
            {
              "name": "dev",
              "path": "/nix/store/4bk1q0hsar2p83950m4miv4ddhfalxh4-bash-interactive-5.2p37-dev"
            },
            {
              "name": "doc",
              "path": "/nix/store/blywgvpya7499zza1a3q3d50l9lnkvj8-bash-interactive-5.2p37-doc"
            },
            {
              "name": "info",
              "path": "/nix/store/f3kcpir9lkb6n3ybdyz1f9fqi32d05mw-bash-interactive-5.2p37-info"
            },
            {
              "name": "debug",
              "path": "/nix/store/wl0idy04ap0cq9m7zica1v30qzrh8d6f-bash-interactive-5.2p37-debug"
            }
          ],
          "store_path": "/nix/store/6vpzxqaqvwiyqywssfavs1s51b4cgsin-bash-interactive-5.2p37"
        }
      }
    },
    "coreutils@latest": {
      "last_modified": "2025-03-09T21:26:12Z",
      "resolved": "github:NixOS/nixpkgs/e05f8bda630a0836d777d84de14b3c16eb758514#coreutils",
      "source": "devbox-search",
      "version": "9.6",
      "systems": {
        "aarch64-darwin": {
          "outputs": [
            {
              "name": "out",
              "path": "/nix/store/a8lb0q3y83n0bn5s4gayyvfkgjn13ial-coreutils-9.6",
              "default": true
            },
            {
              "name": "info",
              "path": "/nix/store/65m47sn1g6yv3g6ncmf0x4gsw5wl880g-coreutils-9.6-info"
            }
          ],
          "store_path": "/nix/store/a8lb0q3y83n0bn5s4gayyvfkgjn13ial-coreutils-9.6"
        },
        "aarch64-linux": {
          "outputs": [
            {
              "name": "out",
              "path": "/nix/store/c9cz24jydkkk3w1iqdy1vcd1886slp1z-coreutils-9.6",
              "default": true
            },
            {
              "name": "debug",
              "path": "/nix/store/inl1iq5cgy3rxx22apxcjkrk1lq9scjz-coreutils-9.6-debug"
            },
            {
              "name": "info",
              "path": "/nix/store/njr94ajn51h23kvwqsxpqf8n7q7qkrvi-coreutils-9.6-info"
            }
          ],
          "store_path": "/nix/store/c9cz24jydkkk3w1iqdy1vcd1886slp1z-coreutils-9.6"
        },
        "x86_64-darwin": {
          "outputs": [
            {
              "name": "out",
              "path": "/nix/store/dylz6jypr1wcicja4d64gsgl5ncqwl5y-coreutils-9.6",
              "default": true
            },
            {
              "name": "info",
              "path": "/nix/store/35b050qms17afzs3hspjcmmc5knvnlds-coreutils-9.6-info"
            }
          ],
          "store_path": "/nix/store/dylz6jypr1wcicja4d64gsgl5ncqwl5y-coreutils-9.6"
        },
        "x86_64-linux": {
          "outputs": [
            {
              "name": "out",
              "path": "/nix/store/fr9yr63a1267cr0r86w18c77mh3xavcc-coreutils-9.6",
              "default": true
            },
            {
              "name": "debug",
              "path": "/nix/store/m6wn8q0zvy7pz6wjd221hav5w4blicf7-coreutils-9.6-debug"
            },
            {
              "name": "info",
              "path": "/nix/store/i3bay64pdck4zq094qks7j1ivg042nzg-coreutils-9.6-info"
            }
          ],
          "store_path": "/nix/store/fr9yr63a1267cr0r86w18c77mh3xavcc-coreutils-9.6"
        }
      }
    },
    "git@latest": {
      "last_modified": "2025-03-11T17:52:14Z",
      "resolved": "github:NixOS/nixpkgs/0d534853a55b5d02a4ababa1d71921ce8f0aee4c#git",
      "source": "devbox-search",
      "version": "2.48.1",
      "systems": {
        "aarch64-darwin": {
          "outputs": [
            {
              "name": "out",
              "path": "/nix/store/b3sci30zzzlj3rzj1y89cijnd6zcwapk-git-2.48.1",
              "default": true
            },
            {
              "name": "doc",
              "path": "/nix/store/086knqdw7fjgzczp0i6nad95s2v6jbya-git-2.48.1-doc"
            }
          ],
          "store_path": "/nix/store/b3sci30zzzlj3rzj1y89cijnd6zcwapk-git-2.48.1"
        },
        "aarch64-linux": {
          "outputs": [
            {
              "name": "out",
              "path": "/nix/store/4rfdh67qx08marb8kwl8pk98pkwl8kiv-git-2.48.1",
              "default": true
            },
            {
              "name": "debug",
              "path": "/nix/store/yf283fv2zlaaaszdcfazbz1rg6d6f18q-git-2.48.1-debug"
            },
            {
              "name": "doc",
              "path": "/nix/store/c9hzqmbywb0basggdaylpc0j3r8j0dxs-git-2.48.1-doc"
            }
          ],
          "store_path": "/nix/store/4rfdh67qx08marb8kwl8pk98pkwl8kiv-git-2.48.1"
        },
        "x86_64-darwin": {
          "outputs": [
            {
              "name": "out",
              "path": "/nix/store/5qmpmgx1fb1qxnq3gb1hvvha5wi24n7v-git-2.48.1",
              "default": true
            },
            {
              "name": "doc",
              "path": "/nix/store/x5x4qz04v9zfz9dzh8l723nbwma8dnmk-git-2.48.1-doc"
            }
          ],
          "store_path": "/nix/store/5qmpmgx1fb1qxnq3gb1hvvha5wi24n7v-git-2.48.1"
        },
        "x86_64-linux": {
          "outputs": [
            {
              "name": "out",
              "path": "/nix/store/pl9krbxnhawd4n5kxsm6m5i5mjhbw48q-git-2.48.1",
              "default": true
            },
            {
              "name": "debug",
              "path": "/nix/store/s0a07h6m6lpcv67954y3vag35np716sf-git-2.48.1-debug"
            },
            {
              "name": "doc",
              "path": "/nix/store/fkrfnnwc7a7rq86rrnb9j2474wy8qkbm-git-2.48.1-doc"
            }
          ],
          "store_path": "/nix/store/pl9krbxnhawd4n5kxsm6m5i5mjhbw48q-git-2.48.1"
        }
      }
    },
    "github:NixOS/nixpkgs/nixpkgs-unstable": {
      "resolved": "github:NixOS/nixpkgs/5d9b5431f967007b3952c057fc92af49a4c5f3b2?lastModified=1742169275&narHash=sha256-nkH2Edu9rClcsQp2PYBe8E6fp8LDPi2uDBQ6wyMdeXI%3D"
    },
    "glow@latest": {
      "last_modified": "2025-03-11T17:52:14Z",
      "resolved": "github:NixOS/nixpkgs/0d534853a55b5d02a4ababa1d71921ce8f0aee4c#glow",
      "source": "devbox-search",
      "version": "2.1.0",
      "systems": {
        "aarch64-darwin": {
          "outputs": [
            {
              "name": "out",
              "path": "/nix/store/k3ryhv0rs599lqvl93xihngiwmwr74f0-glow-2.1.0",
              "default": true
            }
          ],
          "store_path": "/nix/store/k3ryhv0rs599lqvl93xihngiwmwr74f0-glow-2.1.0"
        },
        "aarch64-linux": {
          "outputs": [
            {
              "name": "out",
              "path": "/nix/store/8yxpf50rhyj7a249dv55rhqrikdjiyl3-glow-2.1.0",
              "default": true
            }
          ],
          "store_path": "/nix/store/8yxpf50rhyj7a249dv55rhqrikdjiyl3-glow-2.1.0"
        },
        "x86_64-darwin": {
          "outputs": [
            {
              "name": "out",
              "path": "/nix/store/nalgg722nn9zafjy0vwmpxmjj4bwpjvs-glow-2.1.0",
              "default": true
            }
          ],
          "store_path": "/nix/store/nalgg722nn9zafjy0vwmpxmjj4bwpjvs-glow-2.1.0"
        },
        "x86_64-linux": {
          "outputs": [
            {
              "name": "out",
              "path": "/nix/store/bphb37axs64fcw2yzabqnzvmv529pnnc-glow-2.1.0",
              "default": true
            }
          ],
          "store_path": "/nix/store/bphb37axs64fcw2yzabqnzvmv529pnnc-glow-2.1.0"
        }
      }
    },
    "moreutils@latest": {
      "last_modified": "2025-03-11T17:52:14Z",
      "resolved": "github:NixOS/nixpkgs/0d534853a55b5d02a4ababa1d71921ce8f0aee4c#moreutils",
      "source": "devbox-search",
      "version": "0.70",
      "systems": {
        "aarch64-darwin": {
          "outputs": [
            {
              "name": "out",
              "path": "/nix/store/cbm6l6jf8vngf2zqji8gpjhsp0vngljp-moreutils-0.70",
              "default": true
            }
          ],
          "store_path": "/nix/store/cbm6l6jf8vngf2zqji8gpjhsp0vngljp-moreutils-0.70"
        },
        "aarch64-linux": {
          "outputs": [
            {
              "name": "out",
              "path": "/nix/store/zcnkglhm6ginfgq7vh94ipa5nqw5lig7-moreutils-0.70",
              "default": true
            }
          ],
          "store_path": "/nix/store/zcnkglhm6ginfgq7vh94ipa5nqw5lig7-moreutils-0.70"
        },
        "x86_64-darwin": {
          "outputs": [
            {
              "name": "out",
              "path": "/nix/store/lvilna01dcsyawgf3ak43rqg4iaybc06-moreutils-0.70",
              "default": true
            }
          ],
          "store_path": "/nix/store/lvilna01dcsyawgf3ak43rqg4iaybc06-moreutils-0.70"
        },
        "x86_64-linux": {
          "outputs": [
            {
              "name": "out",
              "path": "/nix/store/bm8h6n4k8mv3r7b0x9mbx4x5kb3r3cg6-moreutils-0.70",
              "default": true
            }
          ],
          "store_path": "/nix/store/bm8h6n4k8mv3r7b0x9mbx4x5kb3r3cg6-moreutils-0.70"
        }
      }
    },
    "python312Packages.ipython@latest": {
      "last_modified": "2025-03-11T17:52:14Z",
      "resolved": "github:NixOS/nixpkgs/0d534853a55b5d02a4ababa1d71921ce8f0aee4c#python312Packages.ipython",
      "source": "devbox-search",
      "version": "8.32.0",
      "systems": {
        "aarch64-darwin": {
          "outputs": [
            {
              "name": "out",
              "path": "/nix/store/gpl7fck2vb1567d8rc01jms8gavfmp70-python3.12-ipython-8.32.0",
              "default": true
            },
            {
              "name": "dist",
              "path": "/nix/store/pis609zqdy1x9b37b6y71fxyswf3w2yd-python3.12-ipython-8.32.0-dist"
            }
          ],
          "store_path": "/nix/store/gpl7fck2vb1567d8rc01jms8gavfmp70-python3.12-ipython-8.32.0"
        },
        "aarch64-linux": {
          "outputs": [
            {
              "name": "out",
              "path": "/nix/store/018avgpaizkyi42krfx12jwjsyq0f0pk-python3.12-ipython-8.32.0",
              "default": true
            },
            {
              "name": "dist",
              "path": "/nix/store/mzh8bp8biy83b5i6f6ikyvxrh32y1c5a-python3.12-ipython-8.32.0-dist"
            }
          ],
          "store_path": "/nix/store/018avgpaizkyi42krfx12jwjsyq0f0pk-python3.12-ipython-8.32.0"
        },
        "x86_64-darwin": {
          "outputs": [
            {
              "name": "out",
              "path": "/nix/store/9v1cznajjqvz8zxmljl0lyzr6afln4vy-python3.12-ipython-8.32.0",
              "default": true
            },
            {
              "name": "dist",
              "path": "/nix/store/0130ayn8nnc1j4al6zdjxqpqnzcir25d-python3.12-ipython-8.32.0-dist"
            }
          ],
          "store_path": "/nix/store/9v1cznajjqvz8zxmljl0lyzr6afln4vy-python3.12-ipython-8.32.0"
        },
        "x86_64-linux": {
          "outputs": [
            {
              "name": "out",
              "path": "/nix/store/6fc6sbsw2b96ix0q22wf28z08zfdsqll-python3.12-ipython-8.32.0",
              "default": true
            },
            {
              "name": "dist",
              "path": "/nix/store/glxck7scjhdwafmbhsfr0mc4nwp39cfv-python3.12-ipython-8.32.0-dist"
            }
          ],
          "store_path": "/nix/store/6fc6sbsw2b96ix0q22wf28z08zfdsqll-python3.12-ipython-8.32.0"
        }
      }
    },
    "python@3.12": {
      "last_modified": "2025-01-06T03:40:18Z",
      "plugin_version": "0.0.4",
      "resolved": "github:NixOS/nixpkgs/3df3c47c19dc90fec35359e89ffb52b34d2b0e94#python3",
      "source": "devbox-search",
      "version": "3.12.8",
      "systems": {
        "aarch64-darwin": {
          "outputs": [
            {
              "name": "out",
              "path": "/nix/store/8zc3wcplydp8gsxms24scpzdca438dk5-python3-3.12.8",
              "default": true
            }
          ],
          "store_path": "/nix/store/8zc3wcplydp8gsxms24scpzdca438dk5-python3-3.12.8"
        },
        "aarch64-linux": {
          "outputs": [
            {
              "name": "out",
              "path": "/nix/store/66pn6ysmvx675061xaq2vz93s9vdc5p4-python3-3.12.8",
              "default": true
            },
            {
              "name": "debug",
              "path": "/nix/store/brcg3a34fi45ffky63g5pqd22sksvq13-python3-3.12.8-debug"
            }
          ],
          "store_path": "/nix/store/66pn6ysmvx675061xaq2vz93s9vdc5p4-python3-3.12.8"
        },
        "x86_64-darwin": {
          "outputs": [
            {
              "name": "out",
              "path": "/nix/store/fpmkmdzgd1q7kqadc7czcjdhjj7bsc0i-python3-3.12.8",
              "default": true
            }
          ],
          "store_path": "/nix/store/fpmkmdzgd1q7kqadc7czcjdhjj7bsc0i-python3-3.12.8"
        },
        "x86_64-linux": {
          "outputs": [
            {
              "name": "out",
              "path": "/nix/store/c9m6yd8fg1flz2j5r4bif1ib5j20a0cy-python3-3.12.8",
              "default": true
            },
            {
              "name": "debug",
              "path": "/nix/store/cicfrcjr8pky8qd0gxw0x84ynyviy6b5-python3-3.12.8-debug"
            }
          ],
          "store_path": "/nix/store/c9m6yd8fg1flz2j5r4bif1ib5j20a0cy-python3-3.12.8"
        }
      }
    },
    "refurb@latest": {
      "last_modified": "2025-03-11T17:52:14Z",
      "resolved": "github:NixOS/nixpkgs/0d534853a55b5d02a4ababa1d71921ce8f0aee4c#refurb",
      "source": "devbox-search",
      "version": "2.0.0",
      "systems": {
        "aarch64-darwin": {
          "outputs": [
            {
              "name": "out",
              "path": "/nix/store/kdln967jk0pczhk8jhr8q4zvxbgdjzbz-refurb-2.0.0",
              "default": true
            },
            {
              "name": "dist",
              "path": "/nix/store/9jr0bmlcxdrsipmxj3132rfnhi3sgg7r-refurb-2.0.0-dist"
            }
          ],
          "store_path": "/nix/store/kdln967jk0pczhk8jhr8q4zvxbgdjzbz-refurb-2.0.0"
        },
        "aarch64-linux": {
          "outputs": [
            {
              "name": "out",
              "path": "/nix/store/41sn0byxw9cfhqhcdvaas1pi8h6njx7x-refurb-2.0.0",
              "default": true
            },
            {
              "name": "dist",
              "path": "/nix/store/f7in7j6p0zz95nx2fi10y87kfanp6idz-refurb-2.0.0-dist"
            }
          ],
          "store_path": "/nix/store/41sn0byxw9cfhqhcdvaas1pi8h6njx7x-refurb-2.0.0"
        },
        "x86_64-darwin": {
          "outputs": [
            {
              "name": "out",
              "path": "/nix/store/aapkk2pcs7xwv7x7d507cifryrds7kwk-refurb-2.0.0",
              "default": true
            },
            {
              "name": "dist",
              "path": "/nix/store/6r22w0fbhf8r5yy1wj10g6wflwvlhx15-refurb-2.0.0-dist"
            }
          ],
          "store_path": "/nix/store/aapkk2pcs7xwv7x7d507cifryrds7kwk-refurb-2.0.0"
        },
        "x86_64-linux": {
          "outputs": [
            {
              "name": "out",
              "path": "/nix/store/gmcicj67q7ahsdj5kfs1h560l14hf5kp-refurb-2.0.0",
              "default": true
            },
            {
              "name": "dist",
              "path": "/nix/store/iqncdcnanj8yjafbhbqjw9cd23hffakm-refurb-2.0.0-dist"
            }
          ],
          "store_path": "/nix/store/gmcicj67q7ahsdj5kfs1h560l14hf5kp-refurb-2.0.0"
        }
      }
    },
    "runme@latest": {
      "last_modified": "2025-03-11T17:52:14Z",
      "resolved": "github:NixOS/nixpkgs/0d534853a55b5d02a4ababa1d71921ce8f0aee4c#runme",
      "source": "devbox-search",
      "version": "3.12.2",
      "systems": {
        "aarch64-darwin": {
          "outputs": [
            {
              "name": "out",
              "path": "/nix/store/c6ncmhwj1b7cac91db9sr4r5kpysmrni-runme-3.12.2",
              "default": true
            }
          ],
          "store_path": "/nix/store/c6ncmhwj1b7cac91db9sr4r5kpysmrni-runme-3.12.2"
        },
        "aarch64-linux": {
          "outputs": [
            {
              "name": "out",
              "path": "/nix/store/d7ks9npparzr1zwjz11gavdi01iv740s-runme-3.12.2",
              "default": true
            }
          ],
          "store_path": "/nix/store/d7ks9npparzr1zwjz11gavdi01iv740s-runme-3.12.2"
        },
        "x86_64-darwin": {
          "outputs": [
            {
              "name": "out",
              "path": "/nix/store/jzbyb00yzk9d2iq6s9lb7gc2n36mfs7j-runme-3.12.2",
              "default": true
            }
          ],
          "store_path": "/nix/store/jzbyb00yzk9d2iq6s9lb7gc2n36mfs7j-runme-3.12.2"
        },
        "x86_64-linux": {
          "outputs": [
            {
              "name": "out",
              "path": "/nix/store/fwwih6lsrq9ilk57m89qckpz7a4bpja3-runme-3.12.2",
              "default": true
            }
          ],
          "store_path": "/nix/store/fwwih6lsrq9ilk57m89qckpz7a4bpja3-runme-3.12.2"
        }
      }
    },
    "tig@latest": {
      "last_modified": "2025-03-11T17:52:14Z",
      "resolved": "github:NixOS/nixpkgs/0d534853a55b5d02a4ababa1d71921ce8f0aee4c#tig",
      "source": "devbox-search",
      "version": "2.5.12",
      "systems": {
        "aarch64-darwin": {
          "outputs": [
            {
              "name": "out",
              "path": "/nix/store/v57jrkizb014pqf7laz12ph07bbfrdrg-tig-2.5.12",
              "default": true
            }
          ],
          "store_path": "/nix/store/v57jrkizb014pqf7laz12ph07bbfrdrg-tig-2.5.12"
        },
        "aarch64-linux": {
          "outputs": [
            {
              "name": "out",
              "path": "/nix/store/c57sv798yxyakln6yb44isxz6pzcv9fc-tig-2.5.12",
              "default": true
            }
          ],
          "store_path": "/nix/store/c57sv798yxyakln6yb44isxz6pzcv9fc-tig-2.5.12"
        },
        "x86_64-darwin": {
          "outputs": [
            {
              "name": "out",
              "path": "/nix/store/9k5spgaln4jrcqfnzc1ixxvay4afz5m3-tig-2.5.12",
              "default": true
            }
          ],
          "store_path": "/nix/store/9k5spgaln4jrcqfnzc1ixxvay4afz5m3-tig-2.5.12"
        },
        "x86_64-linux": {
          "outputs": [
            {
              "name": "out",
              "path": "/nix/store/wcam0vsl765q09x7n90aawrwdhlsaqkj-tig-2.5.12",
              "default": true
            }
          ],
          "store_path": "/nix/store/wcam0vsl765q09x7n90aawrwdhlsaqkj-tig-2.5.12"
        }
      }
    },
    "uv@latest": {
      "last_modified": "2025-03-13T11:38:39Z",
      "resolved": "github:NixOS/nixpkgs/573c650e8a14b2faa0041645ab18aed7e60f0c9a#uv",
      "source": "devbox-search",
      "version": "0.6.6",
      "systems": {
        "aarch64-darwin": {
          "outputs": [
            {
              "name": "out",
              "path": "/nix/store/lqnkdyvl5zll2fq5a5ph17mqznms78xy-uv-0.6.6",
              "default": true
            }
          ],
          "store_path": "/nix/store/lqnkdyvl5zll2fq5a5ph17mqznms78xy-uv-0.6.6"
        },
        "aarch64-linux": {
          "outputs": [
            {
              "name": "out",
              "path": "/nix/store/lspam7dhns0rh2q7gsyq40z8ly76gmcb-uv-0.6.6",
              "default": true
            }
          ],
          "store_path": "/nix/store/lspam7dhns0rh2q7gsyq40z8ly76gmcb-uv-0.6.6"
        },
        "x86_64-darwin": {
          "outputs": [
            {
              "name": "out",
              "path": "/nix/store/nf8isgl8kgny907z7461xbm76lwqn5lc-uv-0.6.6",
              "default": true
            }
          ],
          "store_path": "/nix/store/nf8isgl8kgny907z7461xbm76lwqn5lc-uv-0.6.6"
        },
        "x86_64-linux": {
          "outputs": [
            {
              "name": "out",
              "path": "/nix/store/w2r38hkwz7f9h0f3pdyzfb2ds7z9sygs-uv-0.6.6",
              "default": true
            }
          ],
          "store_path": "/nix/store/w2r38hkwz7f9h0f3pdyzfb2ds7z9sygs-uv-0.6.6"
        }
      }
    }
  }
}
